
Microsoft Visual Studio Solution File, Format Version 12.00
# Visual Studio 15
VisualStudioVersion = 15.0.27004.2010
MinimumVisualStudioVersion = 10.0.40219.1
Project("{FAE04EC0-301F-11D3-BF4B-00C04F79EFBC}") = "Mawulede_API", "Mawulede_API\Mawulede_API.csproj", "{46AD0F76-9875-4CE1-9C9C-F29BF468D40D}"
EndProject
Project("{FAE04EC0-301F-11D3-BF4B-00C04F79EFBC}") = "Mawulede_WEB", "Mawulede_WEB\Mawulede_WEB.csproj", "{64B3F69C-BDFC-42F0-B1C5-E98BFCC63627}"
EndProject
Project("{FAE04EC0-301F-11D3-BF4B-00C04F79EFBC}") = "Mawulede_Models", "Mawulede_Models\Mawulede_Models.csproj", "{06ADF521-BFE5-4DEF-A9F1-28100F91E874}"
EndProject
Project("{FAE04EC0-301F-11D3-BF4B-00C04F79EFBC}") = "Mawulede_Helpers", "Mawulede_Helpers\Mawulede_Helpers.csproj", "{31975F83-5450-449F-BE28-94E094DCA98A}"
EndProject
Global
	GlobalSection(SolutionConfigurationPlatforms) = preSolution
		Debug|Any CPU = Debug|Any CPU
		Release|Any CPU = Release|Any CPU
	EndGlobalSection
	GlobalSection(ProjectConfigurationPlatforms) = postSolution
		{46AD0F76-9875-4CE1-9C9C-F29BF468D40D}.Debug|Any CPU.ActiveCfg = Debug|Any CPU
		{46AD0F76-9875-4CE1-9C9C-F29BF468D40D}.Debug|Any CPU.Build.0 = Debug|Any CPU
		{46AD0F76-9875-4CE1-9C9C-F29BF468D40D}.Release|Any CPU.ActiveCfg = Release|Any CPU
		{46AD0F76-9875-4CE1-9C9C-F29BF468D40D}.Release|Any CPU.Build.0 = Release|Any CPU
		{64B3F69C-BDFC-42F0-B1C5-E98BFCC63627}.Debug|Any CPU.ActiveCfg = Debug|Any CPU
		{64B3F69C-BDFC-42F0-B1C5-E98BFCC63627}.Debug|Any CPU.Build.0 = Debug|Any CPU
		{64B3F69C-BDFC-42F0-B1C5-E98BFCC63627}.Release|Any CPU.ActiveCfg = Release|Any CPU
		{64B3F69C-BDFC-42F0-B1C5-E98BFCC63627}.Release|Any CPU.Build.0 = Release|Any CPU
		{06ADF521-BFE5-4DEF-A9F1-28100F91E874}.Debug|Any CPU.ActiveCfg = Debug|Any CPU
		{06ADF521-BFE5-4DEF-A9F1-28100F91E874}.Debug|Any CPU.Build.0 = Debug|Any CPU
		{06ADF521-BFE5-4DEF-A9F1-28100F91E874}.Release|Any CPU.ActiveCfg = Release|Any CPU
		{06ADF521-BFE5-4DEF-A9F1-28100F91E874}.Release|Any CPU.Build.0 = Release|Any CPU
		{31975F83-5450-449F-BE28-94E094DCA98A}.Debug|Any CPU.ActiveCfg = Debug|Any CPU
		{31975F83-5450-449F-BE28-94E094DCA98A}.Debug|Any CPU.Build.0 = Debug|Any CPU
		{31975F83-5450-449F-BE28-94E094DCA98A}.Release|Any CPU.ActiveCfg = Release|Any CPU
		{31975F83-5450-449F-BE28-94E094DCA98A}.Release|Any CPU.Build.0 = Release|Any CPU
	EndGlobalSection
	GlobalSection(SolutionProperties) = preSolution
		HideSolutionNode = FALSE
	EndGlobalSection
	GlobalSection(ExtensibilityGlobals) = postSolution
		SolutionGuid = {A623E155-8428-4216-B570-F7BBAEDE0C33}
	EndGlobalSection
EndGlobal
